
Microsoft Visual Studio Solution File, Format Version 12.00
# Visual Studio Version 17
VisualStudioVersion = 17.4.33213.308
MinimumVisualStudioVersion = 10.0.40219.1
Project("{FAE04EC0-301F-11D3-BF4B-00C04F79EFBC}") = "ConvertYoutubeToMp3", "ConvertYoutubeToMp3\ConvertYoutubeToMp3.csproj", "{E98C2ED9-08BA-4250-9FDE-706236055E28}"
EndProject
Global
	GlobalSection(SolutionConfigurationPlatforms) = preSolution
		Debug|Any CPU = Debug|Any CPU
		Release|Any CPU = Release|Any CPU
	EndGlobalSection
	GlobalSection(ProjectConfigurationPlatforms) = postSolution
		{E98C2ED9-08BA-4250-9FDE-706236055E28}.Debug|Any CPU.ActiveCfg = Debug|Any CPU
		{E98C2ED9-08BA-4250-9FDE-706236055E28}.Debug|Any CPU.Build.0 = Debug|Any CPU
		{E98C2ED9-08BA-4250-9FDE-706236055E28}.Release|Any CPU.ActiveCfg = Release|Any CPU
		{E98C2ED9-08BA-4250-9FDE-706236055E28}.Release|Any CPU.Build.0 = Release|Any CPU
	EndGlobalSection
	GlobalSection(SolutionProperties) = preSolution
		HideSolutionNode = FALSE
	EndGlobalSection
	GlobalSection(ExtensibilityGlobals) = postSolution
		SolutionGuid = {6E9B26C1-6643-4A2D-89AB-BE7D16E8E73E}
	EndGlobalSection
EndGlobal
